
Microsoft Visual Studio Solution File, Format Version 12.00
# Visual Studio Version 17
VisualStudioVersion = 17.11.35303.130
MinimumVisualStudioVersion = 10.0.40219.1
Project("{2150E333-8FDC-42A3-9474-1A3956D46DE8}") = "Task0", "Task0", "{4B18C67D-E841-4AD2-9555-F69A3BB0D75F}"
EndProject
Project("{9A19103F-16F7-4668-BE54-9A1E7A4F7556}") = "Tyuiu.ParamonovaVA.Sprint6.Task0.V4.Lib", "Tyuiu.ParamonovaVA.Sprint6.Task0.V4.Lib\Tyuiu.ParamonovaVA.Sprint6.Task0.V4.Lib.csproj", "{FD3A08BC-883C-4232-80A6-385BA1842E9A}"
EndProject
Project("{9A19103F-16F7-4668-BE54-9A1E7A4F7556}") = "Tyuiu.ParamonovaVA.Sprint6.Task0.V4.Test", "Tyuiu.ParamonovaVA.Sprint6.Task0.V4.Test\Tyuiu.ParamonovaVA.Sprint6.Task0.V4.Test.csproj", "{321E0F49-FD48-4227-87A3-BD61C381A6D5}"
EndProject
Project("{9A19103F-16F7-4668-BE54-9A1E7A4F7556}") = "Tyuiu.ParamonovaVA.Sprint6.Task0.V4", "Tyuiu.ParamonovaVA.Sprint6.Task0.V4\Tyuiu.ParamonovaVA.Sprint6.Task0.V4.csproj", "{46E7889D-BEA8-4D11-A2EE-53A778A35740}"
EndProject
Project("{2150E333-8FDC-42A3-9474-1A3956D46DE8}") = "Task1", "Task1", "{1ABF8366-9216-4B3B-8C96-77D8A205BFEA}"
EndProject
Project("{FAE04EC0-301F-11D3-BF4B-00C04F79EFBC}") = "Tyuiu.ParamonovaVA.Sprint6.Task1.V9.Lib", "Tyuiu.ParamonovaVA.Sprint6.Task1.V9.Lib\Tyuiu.ParamonovaVA.Sprint6.Task1.V9.Lib.csproj", "{85C2750F-A896-498B-B041-0B84B7DB15DF}"
EndProject
Project("{FAE04EC0-301F-11D3-BF4B-00C04F79EFBC}") = "Tyuiu.ParamonovaVA.Sprint6.Task1.V9.Test", "namespace Tyuiu.ParamonovaVA.Sprint6.Task1.V9.Test\Tyuiu.ParamonovaVA.Sprint6.Task1.V9.Test.csproj", "{6684D63E-0D6F-44AB-9E7F-C29844BEA95C}"
EndProject
Project("{FAE04EC0-301F-11D3-BF4B-00C04F79EFBC}") = "Tyuiu.ParamonovaVA.Sprint6.Task1.V9", "Tyuiu.ParamonovaVA.Sprint6.Task1.V9\Tyuiu.ParamonovaVA.Sprint6.Task1.V9.csproj", "{D3B43D15-5060-4098-B815-6D68529FE0CE}"
EndProject
Project("{2150E333-8FDC-42A3-9474-1A3956D46DE8}") = "Task2", "Task2", "{0FF27208-9D2D-49E5-8017-354FFF1F2F31}"
EndProject
Project("{FAE04EC0-301F-11D3-BF4B-00C04F79EFBC}") = "Tyuiu.ParamonovaVA.Sprint6.Task2.V18.Lib", "Tyuiu.ParamonovaVA.Sprint6.Task2.V18.Lib\Tyuiu.ParamonovaVA.Sprint6.Task2.V18.Lib.csproj", "{CA0843B2-AAF8-45EA-BD44-45259F64D1A9}"
EndProject
Project("{FAE04EC0-301F-11D3-BF4B-00C04F79EFBC}") = "Tyuiu.ParamonovaVA.Sprint6.Task2.V18.Test", "Tyuiu.ParamonovaVA.Sprint6.Task2.V18.Test\Tyuiu.ParamonovaVA.Sprint6.Task2.V18.Test.csproj", "{63AFBB64-1B5F-4550-8676-F054F7AE2795}"
EndProject
Project("{FAE04EC0-301F-11D3-BF4B-00C04F79EFBC}") = "Tyuiu.ParamonovaVA.Sprint6.Task2.V18", "Tyuiu.ParamonovaVA.Sprint6.Task2.V18\Tyuiu.ParamonovaVA.Sprint6.Task2.V18.csproj", "{89CFFB73-14CF-48D5-ABBC-B44253D96B1A}"
EndProject
Project("{2150E333-8FDC-42A3-9474-1A3956D46DE8}") = "Task3", "Task3", "{647FA957-6396-41DD-8A38-C7C93DCBBA12}"
EndProject
Project("{FAE04EC0-301F-11D3-BF4B-00C04F79EFBC}") = "Tyuiu.ParamonovaVA.Sprint6.Task3.V18.Lib", "Tyuiu.ParamonovaVA.Sprint6.Task3.V18.Lib\Tyuiu.ParamonovaVA.Sprint6.Task3.V18.Lib.csproj", "{AD93B7D1-B252-4C6E-BFC1-2BFC77B7D265}"
EndProject
Project("{FAE04EC0-301F-11D3-BF4B-00C04F79EFBC}") = "Tyuiu.ParamonovaVA.Sprint6.Task3.V18.Test", "Tyuiu.ParamonovaVA.Sprint6.Task3.V18.Test\Tyuiu.ParamonovaVA.Sprint6.Task3.V18.Test.csproj", "{2D83AD8A-8000-4631-93EA-06644120121B}"
EndProject
Project("{FAE04EC0-301F-11D3-BF4B-00C04F79EFBC}") = "Tyuiu.ParamonovaVA.Sprint6.Task3.V18", "Tyuiu.ParamonovaVA.Sprint6.Task3.V18\Tyuiu.ParamonovaVA.Sprint6.Task3.V18.csproj", "{699C6CB3-5C9C-43CC-975E-8384D6C3EAB8}"
EndProject
Global
	GlobalSection(SolutionConfigurationPlatforms) = preSolution
		Debug|Any CPU = Debug|Any CPU
		Release|Any CPU = Release|Any CPU
	EndGlobalSection
	GlobalSection(ProjectConfigurationPlatforms) = postSolution
		{FD3A08BC-883C-4232-80A6-385BA1842E9A}.Debug|Any CPU.ActiveCfg = Debug|Any CPU
		{FD3A08BC-883C-4232-80A6-385BA1842E9A}.Debug|Any CPU.Build.0 = Debug|Any CPU
		{FD3A08BC-883C-4232-80A6-385BA1842E9A}.Release|Any CPU.ActiveCfg = Release|Any CPU
		{FD3A08BC-883C-4232-80A6-385BA1842E9A}.Release|Any CPU.Build.0 = Release|Any CPU
		{321E0F49-FD48-4227-87A3-BD61C381A6D5}.Debug|Any CPU.ActiveCfg = Debug|Any CPU
		{321E0F49-FD48-4227-87A3-BD61C381A6D5}.Debug|Any CPU.Build.0 = Debug|Any CPU
		{321E0F49-FD48-4227-87A3-BD61C381A6D5}.Release|Any CPU.ActiveCfg = Release|Any CPU
		{321E0F49-FD48-4227-87A3-BD61C381A6D5}.Release|Any CPU.Build.0 = Release|Any CPU
		{46E7889D-BEA8-4D11-A2EE-53A778A35740}.Debug|Any CPU.ActiveCfg = Debug|Any CPU
		{46E7889D-BEA8-4D11-A2EE-53A778A35740}.Debug|Any CPU.Build.0 = Debug|Any CPU
		{46E7889D-BEA8-4D11-A2EE-53A778A35740}.Release|Any CPU.ActiveCfg = Release|Any CPU
		{46E7889D-BEA8-4D11-A2EE-53A778A35740}.Release|Any CPU.Build.0 = Release|Any CPU
		{85C2750F-A896-498B-B041-0B84B7DB15DF}.Debug|Any CPU.ActiveCfg = Debug|Any CPU
		{85C2750F-A896-498B-B041-0B84B7DB15DF}.Debug|Any CPU.Build.0 = Debug|Any CPU
		{85C2750F-A896-498B-B041-0B84B7DB15DF}.Release|Any CPU.ActiveCfg = Release|Any CPU
		{85C2750F-A896-498B-B041-0B84B7DB15DF}.Release|Any CPU.Build.0 = Release|Any CPU
		{6684D63E-0D6F-44AB-9E7F-C29844BEA95C}.Debug|Any CPU.ActiveCfg = Debug|Any CPU
		{6684D63E-0D6F-44AB-9E7F-C29844BEA95C}.Debug|Any CPU.Build.0 = Debug|Any CPU
		{6684D63E-0D6F-44AB-9E7F-C29844BEA95C}.Release|Any CPU.ActiveCfg = Release|Any CPU
		{6684D63E-0D6F-44AB-9E7F-C29844BEA95C}.Release|Any CPU.Build.0 = Release|Any CPU
		{D3B43D15-5060-4098-B815-6D68529FE0CE}.Debug|Any CPU.ActiveCfg = Debug|Any CPU
		{D3B43D15-5060-4098-B815-6D68529FE0CE}.Debug|Any CPU.Build.0 = Debug|Any CPU
		{D3B43D15-5060-4098-B815-6D68529FE0CE}.Release|Any CPU.ActiveCfg = Release|Any CPU
		{D3B43D15-5060-4098-B815-6D68529FE0CE}.Release|Any CPU.Build.0 = Release|Any CPU
		{CA0843B2-AAF8-45EA-BD44-45259F64D1A9}.Debug|Any CPU.ActiveCfg = Debug|Any CPU
		{CA0843B2-AAF8-45EA-BD44-45259F64D1A9}.Debug|Any CPU.Build.0 = Debug|Any CPU
		{CA0843B2-AAF8-45EA-BD44-45259F64D1A9}.Release|Any CPU.ActiveCfg = Release|Any CPU
		{CA0843B2-AAF8-45EA-BD44-45259F64D1A9}.Release|Any CPU.Build.0 = Release|Any CPU
		{63AFBB64-1B5F-4550-8676-F054F7AE2795}.Debug|Any CPU.ActiveCfg = Debug|Any CPU
		{63AFBB64-1B5F-4550-8676-F054F7AE2795}.Debug|Any CPU.Build.0 = Debug|Any CPU
		{63AFBB64-1B5F-4550-8676-F054F7AE2795}.Release|Any CPU.ActiveCfg = Release|Any CPU
		{63AFBB64-1B5F-4550-8676-F054F7AE2795}.Release|Any CPU.Build.0 = Release|Any CPU
		{89CFFB73-14CF-48D5-ABBC-B44253D96B1A}.Debug|Any CPU.ActiveCfg = Debug|Any CPU
		{89CFFB73-14CF-48D5-ABBC-B44253D96B1A}.Debug|Any CPU.Build.0 = Debug|Any CPU
		{89CFFB73-14CF-48D5-ABBC-B44253D96B1A}.Release|Any CPU.ActiveCfg = Release|Any CPU
		{89CFFB73-14CF-48D5-ABBC-B44253D96B1A}.Release|Any CPU.Build.0 = Release|Any CPU
		{AD93B7D1-B252-4C6E-BFC1-2BFC77B7D265}.Debug|Any CPU.ActiveCfg = Debug|Any CPU
		{AD93B7D1-B252-4C6E-BFC1-2BFC77B7D265}.Debug|Any CPU.Build.0 = Debug|Any CPU
		{AD93B7D1-B252-4C6E-BFC1-2BFC77B7D265}.Release|Any CPU.ActiveCfg = Release|Any CPU
		{AD93B7D1-B252-4C6E-BFC1-2BFC77B7D265}.Release|Any CPU.Build.0 = Release|Any CPU
		{2D83AD8A-8000-4631-93EA-06644120121B}.Debug|Any CPU.ActiveCfg = Debug|Any CPU
		{2D83AD8A-8000-4631-93EA-06644120121B}.Debug|Any CPU.Build.0 = Debug|Any CPU
		{2D83AD8A-8000-4631-93EA-06644120121B}.Release|Any CPU.ActiveCfg = Release|Any CPU
		{2D83AD8A-8000-4631-93EA-06644120121B}.Release|Any CPU.Build.0 = Release|Any CPU
		{699C6CB3-5C9C-43CC-975E-8384D6C3EAB8}.Debug|Any CPU.ActiveCfg = Debug|Any CPU
		{699C6CB3-5C9C-43CC-975E-8384D6C3EAB8}.Debug|Any CPU.Build.0 = Debug|Any CPU
		{699C6CB3-5C9C-43CC-975E-8384D6C3EAB8}.Release|Any CPU.ActiveCfg = Release|Any CPU
		{699C6CB3-5C9C-43CC-975E-8384D6C3EAB8}.Release|Any CPU.Build.0 = Release|Any CPU
	EndGlobalSection
	GlobalSection(SolutionProperties) = preSolution
		HideSolutionNode = FALSE
	EndGlobalSection
	GlobalSection(NestedProjects) = preSolution
		{FD3A08BC-883C-4232-80A6-385BA1842E9A} = {4B18C67D-E841-4AD2-9555-F69A3BB0D75F}
		{321E0F49-FD48-4227-87A3-BD61C381A6D5} = {4B18C67D-E841-4AD2-9555-F69A3BB0D75F}
		{46E7889D-BEA8-4D11-A2EE-53A778A35740} = {4B18C67D-E841-4AD2-9555-F69A3BB0D75F}
		{85C2750F-A896-498B-B041-0B84B7DB15DF} = {1ABF8366-9216-4B3B-8C96-77D8A205BFEA}
		{6684D63E-0D6F-44AB-9E7F-C29844BEA95C} = {1ABF8366-9216-4B3B-8C96-77D8A205BFEA}
		{D3B43D15-5060-4098-B815-6D68529FE0CE} = {1ABF8366-9216-4B3B-8C96-77D8A205BFEA}
		{CA0843B2-AAF8-45EA-BD44-45259F64D1A9} = {0FF27208-9D2D-49E5-8017-354FFF1F2F31}
		{63AFBB64-1B5F-4550-8676-F054F7AE2795} = {0FF27208-9D2D-49E5-8017-354FFF1F2F31}
		{89CFFB73-14CF-48D5-ABBC-B44253D96B1A} = {0FF27208-9D2D-49E5-8017-354FFF1F2F31}
		{AD93B7D1-B252-4C6E-BFC1-2BFC77B7D265} = {647FA957-6396-41DD-8A38-C7C93DCBBA12}
		{2D83AD8A-8000-4631-93EA-06644120121B} = {647FA957-6396-41DD-8A38-C7C93DCBBA12}
		{699C6CB3-5C9C-43CC-975E-8384D6C3EAB8} = {647FA957-6396-41DD-8A38-C7C93DCBBA12}
	EndGlobalSection
	GlobalSection(ExtensibilityGlobals) = postSolution
		SolutionGuid = {E67C7F63-0A65-4A06-ABFB-563707DF866F}
	EndGlobalSection
EndGlobal
